
Microsoft Visual Studio Solution File, Format Version 12.00
# Visual Studio Version 17
VisualStudioVersion = 17.11.35222.181
MinimumVisualStudioVersion = 10.0.40219.1
Project("{9A19103F-16F7-4668-BE54-9A1E7A4F7556}") = "sp2024-cp06-nas-1-phase2", "sp2024-cp06-nas-1-phase2\sp2024-cp06-nas-1-phase2.csproj", "{F3089D6F-A244-4327-903A-211F731F5DC4}"
EndProject
Project("{2150E333-8FDC-42A3-9474-1A3956D46DE8}") = "Solution Items", "Solution Items", "{7F722DFB-B232-4E49-9D9B-CCBD43D394D6}"
	ProjectSection(SolutionItems) = preProject
		.gitignore = .gitignore
	EndProjectSection
EndProject
Project("{9A19103F-16F7-4668-BE54-9A1E7A4F7556}") = "DomainModels", "DomainModels\DomainModels.csproj", "{A0EDA5B9-B792-43DB-9CAF-866C2CEC3DD6}"
EndProject
Project("{9A19103F-16F7-4668-BE54-9A1E7A4F7556}") = "DataAccess", "DataAccess\DataAccess.csproj", "{E4064693-F30F-46C3-99DE-033033D8CCA6}"
EndProject
Project("{9A19103F-16F7-4668-BE54-9A1E7A4F7556}") = "Services", "Services\Services.csproj", "{C2323DF2-6BA6-4FCB-8818-E5458963AEA4}"
EndProject
Project("{9A19103F-16F7-4668-BE54-9A1E7A4F7556}") = "Mappers", "Mappers\Mappers.csproj", "{291A22DF-856F-4A8E-86DE-AA8949B95F89}"
EndProject
Project("{9A19103F-16F7-4668-BE54-9A1E7A4F7556}") = "DTOs", "DTOs\DTOs.csproj", "{D02AA3F5-72E8-4D35-AAFD-0323F64C522C}"
EndProject
Project("{FAE04EC0-301F-11D3-BF4B-00C04F79EFBC}") = "xUnitTestMappers", "xUnitTestMappers\xUnitTestMappers.csproj", "{D173EFBB-EFEA-48F5-9B3C-393E1D637411}"
EndProject
Project("{FAE04EC0-301F-11D3-BF4B-00C04F79EFBC}") = "TestDb", "TestDb\TestDb.csproj", "{0CFDB08B-0EC2-407D-9CA5-B145E8BE8D15}"
EndProject
Project("{FAE04EC0-301F-11D3-BF4B-00C04F79EFBC}") = "UpdateArticleDates", "UpdateArticleDates\UpdateArticleDates.csproj", "{7B97BCFE-CB7A-4552-B661-FEE0145ACCD5}"
EndProject
Project("{FAE04EC0-301F-11D3-BF4B-00C04F79EFBC}") = "Helpers", "Helpers\Helpers.csproj", "{24F7A35C-6C1E-4B16-A5DA-46E4E6F39704}"
EndProject
Project("{FAE04EC0-301F-11D3-BF4B-00C04F79EFBC}") = "Shared", "Shared\Shared.csproj", "{325BDA3E-308D-494D-84BF-5F29BF2F3124}"
EndProject
Global
	GlobalSection(SolutionConfigurationPlatforms) = preSolution
		Debug|Any CPU = Debug|Any CPU
		Release|Any CPU = Release|Any CPU
	EndGlobalSection
	GlobalSection(ProjectConfigurationPlatforms) = postSolution
		{F3089D6F-A244-4327-903A-211F731F5DC4}.Debug|Any CPU.ActiveCfg = Debug|Any CPU
		{F3089D6F-A244-4327-903A-211F731F5DC4}.Debug|Any CPU.Build.0 = Debug|Any CPU
		{F3089D6F-A244-4327-903A-211F731F5DC4}.Release|Any CPU.ActiveCfg = Release|Any CPU
		{F3089D6F-A244-4327-903A-211F731F5DC4}.Release|Any CPU.Build.0 = Release|Any CPU
		{A0EDA5B9-B792-43DB-9CAF-866C2CEC3DD6}.Debug|Any CPU.ActiveCfg = Debug|Any CPU
		{A0EDA5B9-B792-43DB-9CAF-866C2CEC3DD6}.Debug|Any CPU.Build.0 = Debug|Any CPU
		{A0EDA5B9-B792-43DB-9CAF-866C2CEC3DD6}.Release|Any CPU.ActiveCfg = Release|Any CPU
		{A0EDA5B9-B792-43DB-9CAF-866C2CEC3DD6}.Release|Any CPU.Build.0 = Release|Any CPU
		{E4064693-F30F-46C3-99DE-033033D8CCA6}.Debug|Any CPU.ActiveCfg = Debug|Any CPU
		{E4064693-F30F-46C3-99DE-033033D8CCA6}.Debug|Any CPU.Build.0 = Debug|Any CPU
		{E4064693-F30F-46C3-99DE-033033D8CCA6}.Release|Any CPU.ActiveCfg = Release|Any CPU
		{E4064693-F30F-46C3-99DE-033033D8CCA6}.Release|Any CPU.Build.0 = Release|Any CPU
		{C2323DF2-6BA6-4FCB-8818-E5458963AEA4}.Debug|Any CPU.ActiveCfg = Debug|Any CPU
		{C2323DF2-6BA6-4FCB-8818-E5458963AEA4}.Debug|Any CPU.Build.0 = Debug|Any CPU
		{C2323DF2-6BA6-4FCB-8818-E5458963AEA4}.Release|Any CPU.ActiveCfg = Release|Any CPU
		{C2323DF2-6BA6-4FCB-8818-E5458963AEA4}.Release|Any CPU.Build.0 = Release|Any CPU
		{291A22DF-856F-4A8E-86DE-AA8949B95F89}.Debug|Any CPU.ActiveCfg = Debug|Any CPU
		{291A22DF-856F-4A8E-86DE-AA8949B95F89}.Debug|Any CPU.Build.0 = Debug|Any CPU
		{291A22DF-856F-4A8E-86DE-AA8949B95F89}.Release|Any CPU.ActiveCfg = Release|Any CPU
		{291A22DF-856F-4A8E-86DE-AA8949B95F89}.Release|Any CPU.Build.0 = Release|Any CPU
		{D02AA3F5-72E8-4D35-AAFD-0323F64C522C}.Debug|Any CPU.ActiveCfg = Debug|Any CPU
		{D02AA3F5-72E8-4D35-AAFD-0323F64C522C}.Debug|Any CPU.Build.0 = Debug|Any CPU
		{D02AA3F5-72E8-4D35-AAFD-0323F64C522C}.Release|Any CPU.ActiveCfg = Release|Any CPU
		{D02AA3F5-72E8-4D35-AAFD-0323F64C522C}.Release|Any CPU.Build.0 = Release|Any CPU
		{D173EFBB-EFEA-48F5-9B3C-393E1D637411}.Debug|Any CPU.ActiveCfg = Debug|Any CPU
		{D173EFBB-EFEA-48F5-9B3C-393E1D637411}.Debug|Any CPU.Build.0 = Debug|Any CPU
		{D173EFBB-EFEA-48F5-9B3C-393E1D637411}.Release|Any CPU.ActiveCfg = Release|Any CPU
		{D173EFBB-EFEA-48F5-9B3C-393E1D637411}.Release|Any CPU.Build.0 = Release|Any CPU
		{0CFDB08B-0EC2-407D-9CA5-B145E8BE8D15}.Debug|Any CPU.ActiveCfg = Debug|Any CPU
		{0CFDB08B-0EC2-407D-9CA5-B145E8BE8D15}.Debug|Any CPU.Build.0 = Debug|Any CPU
		{0CFDB08B-0EC2-407D-9CA5-B145E8BE8D15}.Release|Any CPU.ActiveCfg = Release|Any CPU
		{0CFDB08B-0EC2-407D-9CA5-B145E8BE8D15}.Release|Any CPU.Build.0 = Release|Any CPU
		{7B97BCFE-CB7A-4552-B661-FEE0145ACCD5}.Debug|Any CPU.ActiveCfg = Debug|Any CPU
		{7B97BCFE-CB7A-4552-B661-FEE0145ACCD5}.Debug|Any CPU.Build.0 = Debug|Any CPU
		{7B97BCFE-CB7A-4552-B661-FEE0145ACCD5}.Release|Any CPU.ActiveCfg = Release|Any CPU
		{7B97BCFE-CB7A-4552-B661-FEE0145ACCD5}.Release|Any CPU.Build.0 = Release|Any CPU
		{24F7A35C-6C1E-4B16-A5DA-46E4E6F39704}.Debug|Any CPU.ActiveCfg = Debug|Any CPU
		{24F7A35C-6C1E-4B16-A5DA-46E4E6F39704}.Debug|Any CPU.Build.0 = Debug|Any CPU
		{24F7A35C-6C1E-4B16-A5DA-46E4E6F39704}.Release|Any CPU.ActiveCfg = Release|Any CPU
		{24F7A35C-6C1E-4B16-A5DA-46E4E6F39704}.Release|Any CPU.Build.0 = Release|Any CPU
		{325BDA3E-308D-494D-84BF-5F29BF2F3124}.Debug|Any CPU.ActiveCfg = Debug|Any CPU
		{325BDA3E-308D-494D-84BF-5F29BF2F3124}.Debug|Any CPU.Build.0 = Debug|Any CPU
		{325BDA3E-308D-494D-84BF-5F29BF2F3124}.Release|Any CPU.ActiveCfg = Release|Any CPU
		{325BDA3E-308D-494D-84BF-5F29BF2F3124}.Release|Any CPU.Build.0 = Release|Any CPU
	EndGlobalSection
	GlobalSection(SolutionProperties) = preSolution
		HideSolutionNode = FALSE
	EndGlobalSection
	GlobalSection(ExtensibilityGlobals) = postSolution
		SolutionGuid = {0206E3B2-A97F-48A7-958B-08D121CFD855}
	EndGlobalSection
EndGlobal
